
Microsoft Visual Studio Solution File, Format Version 12.00
# Visual Studio Version 16
VisualStudioVersion = 16.0.29424.173
MinimumVisualStudioVersion = 10.0.40219.1
Project("{8BC9CEB8-8B4A-11D0-8D11-00A0C91BC942}") = "Task5", "Task5\Task5.vcxproj", "{C1F4001D-3A65-49E1-9F15-44A9C2B3B5F2}"
EndProject
Project("{8BC9CEB8-8B4A-11D0-8D11-00A0C91BC942}") = "Task6", "Task6\Task6.vcxproj", "{0359CA15-0B67-4EFF-9CB9-BBAEED85EF1F}"
EndProject
Project("{8BC9CEB8-8B4A-11D0-8D11-00A0C91BC942}") = "Task0", "Task0\Task0.vcxproj", "{85DE7B7F-FF3C-44BA-B468-31DA91A67101}"
EndProject
Project("{8BC9CEB8-8B4A-11D0-8D11-00A0C91BC942}") = "Task7", "Task7\Task7.vcxproj", "{4A1C6601-6D9E-472D-A2CA-6F1ADC49A432}"
EndProject
Project("{8BC9CEB8-8B4A-11D0-8D11-00A0C91BC942}") = "Task8", "Task8\Task8.vcxproj", "{7A7132E8-B173-44B7-9184-8D4A537B73B0}"
EndProject
Project("{8BC9CEB8-8B4A-11D0-8D11-00A0C91BC942}") = "Task1", "Task1\Task1.vcxproj", "{C4E6A3B8-ED21-4F4D-863B-42FAD485FEDC}"
EndProject
Project("{8BC9CEB8-8B4A-11D0-8D11-00A0C91BC942}") = "Task2", "Task2\Task2.vcxproj", "{A02A32A2-95D4-48E1-BAD3-0A787C267A07}"
EndProject
Project("{8BC9CEB8-8B4A-11D0-8D11-00A0C91BC942}") = "Task3", "Task3\Task3.vcxproj", "{E7350FAD-8C02-448A-A308-CDBE27583D34}"
EndProject
Project("{8BC9CEB8-8B4A-11D0-8D11-00A0C91BC942}") = "Task4", "Task4\Task4.vcxproj", "{1BA3A3DA-E157-4D6F-B78D-3837D06D2227}"
EndProject
Global
	GlobalSection(SolutionConfigurationPlatforms) = preSolution
		Debug|x64 = Debug|x64
		Debug|x86 = Debug|x86
		Release|x64 = Release|x64
		Release|x86 = Release|x86
	EndGlobalSection
	GlobalSection(ProjectConfigurationPlatforms) = postSolution
		{C1F4001D-3A65-49E1-9F15-44A9C2B3B5F2}.Debug|x64.ActiveCfg = Debug|x64
		{C1F4001D-3A65-49E1-9F15-44A9C2B3B5F2}.Debug|x64.Build.0 = Debug|x64
		{C1F4001D-3A65-49E1-9F15-44A9C2B3B5F2}.Debug|x86.ActiveCfg = Debug|Win32
		{C1F4001D-3A65-49E1-9F15-44A9C2B3B5F2}.Debug|x86.Build.0 = Debug|Win32
		{C1F4001D-3A65-49E1-9F15-44A9C2B3B5F2}.Release|x64.ActiveCfg = Release|x64
		{C1F4001D-3A65-49E1-9F15-44A9C2B3B5F2}.Release|x64.Build.0 = Release|x64
		{C1F4001D-3A65-49E1-9F15-44A9C2B3B5F2}.Release|x86.ActiveCfg = Release|Win32
		{C1F4001D-3A65-49E1-9F15-44A9C2B3B5F2}.Release|x86.Build.0 = Release|Win32
		{0359CA15-0B67-4EFF-9CB9-BBAEED85EF1F}.Debug|x64.ActiveCfg = Debug|x64
		{0359CA15-0B67-4EFF-9CB9-BBAEED85EF1F}.Debug|x64.Build.0 = Debug|x64
		{0359CA15-0B67-4EFF-9CB9-BBAEED85EF1F}.Debug|x86.ActiveCfg = Debug|Win32
		{0359CA15-0B67-4EFF-9CB9-BBAEED85EF1F}.Debug|x86.Build.0 = Debug|Win32
		{0359CA15-0B67-4EFF-9CB9-BBAEED85EF1F}.Release|x64.ActiveCfg = Release|x64
		{0359CA15-0B67-4EFF-9CB9-BBAEED85EF1F}.Release|x64.Build.0 = Release|x64
		{0359CA15-0B67-4EFF-9CB9-BBAEED85EF1F}.Release|x86.ActiveCfg = Release|Win32
		{0359CA15-0B67-4EFF-9CB9-BBAEED85EF1F}.Release|x86.Build.0 = Release|Win32
		{85DE7B7F-FF3C-44BA-B468-31DA91A67101}.Debug|x64.ActiveCfg = Debug|x64
		{85DE7B7F-FF3C-44BA-B468-31DA91A67101}.Debug|x64.Build.0 = Debug|x64
		{85DE7B7F-FF3C-44BA-B468-31DA91A67101}.Debug|x86.ActiveCfg = Debug|Win32
		{85DE7B7F-FF3C-44BA-B468-31DA91A67101}.Debug|x86.Build.0 = Debug|Win32
		{85DE7B7F-FF3C-44BA-B468-31DA91A67101}.Release|x64.ActiveCfg = Release|x64
		{85DE7B7F-FF3C-44BA-B468-31DA91A67101}.Release|x64.Build.0 = Release|x64
		{85DE7B7F-FF3C-44BA-B468-31DA91A67101}.Release|x86.ActiveCfg = Release|Win32
		{85DE7B7F-FF3C-44BA-B468-31DA91A67101}.Release|x86.Build.0 = Release|Win32
		{4A1C6601-6D9E-472D-A2CA-6F1ADC49A432}.Debug|x64.ActiveCfg = Debug|x64
		{4A1C6601-6D9E-472D-A2CA-6F1ADC49A432}.Debug|x64.Build.0 = Debug|x64
		{4A1C6601-6D9E-472D-A2CA-6F1ADC49A432}.Debug|x86.ActiveCfg = Debug|Win32
		{4A1C6601-6D9E-472D-A2CA-6F1ADC49A432}.Debug|x86.Build.0 = Debug|Win32
		{4A1C6601-6D9E-472D-A2CA-6F1ADC49A432}.Release|x64.ActiveCfg = Release|x64
		{4A1C6601-6D9E-472D-A2CA-6F1ADC49A432}.Release|x64.Build.0 = Release|x64
		{4A1C6601-6D9E-472D-A2CA-6F1ADC49A432}.Release|x86.ActiveCfg = Release|Win32
		{4A1C6601-6D9E-472D-A2CA-6F1ADC49A432}.Release|x86.Build.0 = Release|Win32
		{7A7132E8-B173-44B7-9184-8D4A537B73B0}.Debug|x64.ActiveCfg = Debug|x64
		{7A7132E8-B173-44B7-9184-8D4A537B73B0}.Debug|x64.Build.0 = Debug|x64
		{7A7132E8-B173-44B7-9184-8D4A537B73B0}.Debug|x86.ActiveCfg = Debug|Win32
		{7A7132E8-B173-44B7-9184-8D4A537B73B0}.Debug|x86.Build.0 = Debug|Win32
		{7A7132E8-B173-44B7-9184-8D4A537B73B0}.Release|x64.ActiveCfg = Release|x64
		{7A7132E8-B173-44B7-9184-8D4A537B73B0}.Release|x64.Build.0 = Release|x64
		{7A7132E8-B173-44B7-9184-8D4A537B73B0}.Release|x86.ActiveCfg = Release|Win32
		{7A7132E8-B173-44B7-9184-8D4A537B73B0}.Release|x86.Build.0 = Release|Win32
		{C4E6A3B8-ED21-4F4D-863B-42FAD485FEDC}.Debug|x64.ActiveCfg = Debug|x64
		{C4E6A3B8-ED21-4F4D-863B-42FAD485FEDC}.Debug|x64.Build.0 = Debug|x64
		{C4E6A3B8-ED21-4F4D-863B-42FAD485FEDC}.Debug|x86.ActiveCfg = Debug|Win32
		{C4E6A3B8-ED21-4F4D-863B-42FAD485FEDC}.Debug|x86.Build.0 = Debug|Win32
		{C4E6A3B8-ED21-4F4D-863B-42FAD485FEDC}.Release|x64.ActiveCfg = Release|x64
		{C4E6A3B8-ED21-4F4D-863B-42FAD485FEDC}.Release|x64.Build.0 = Release|x64
		{C4E6A3B8-ED21-4F4D-863B-42FAD485FEDC}.Release|x86.ActiveCfg = Release|Win32
		{C4E6A3B8-ED21-4F4D-863B-42FAD485FEDC}.Release|x86.Build.0 = Release|Win32
		{A02A32A2-95D4-48E1-BAD3-0A787C267A07}.Debug|x64.ActiveCfg = Debug|x64
		{A02A32A2-95D4-48E1-BAD3-0A787C267A07}.Debug|x64.Build.0 = Debug|x64
		{A02A32A2-95D4-48E1-BAD3-0A787C267A07}.Debug|x86.ActiveCfg = Debug|Win32
		{A02A32A2-95D4-48E1-BAD3-0A787C267A07}.Debug|x86.Build.0 = Debug|Win32
		{A02A32A2-95D4-48E1-BAD3-0A787C267A07}.Release|x64.ActiveCfg = Release|x64
		{A02A32A2-95D4-48E1-BAD3-0A787C267A07}.Release|x64.Build.0 = Release|x64
		{A02A32A2-95D4-48E1-BAD3-0A787C267A07}.Release|x86.ActiveCfg = Release|Win32
		{A02A32A2-95D4-48E1-BAD3-0A787C267A07}.Release|x86.Build.0 = Release|Win32
		{E7350FAD-8C02-448A-A308-CDBE27583D34}.Debug|x64.ActiveCfg = Debug|x64
		{E7350FAD-8C02-448A-A308-CDBE27583D34}.Debug|x64.Build.0 = Debug|x64
		{E7350FAD-8C02-448A-A308-CDBE27583D34}.Debug|x86.ActiveCfg = Debug|Win32
		{E7350FAD-8C02-448A-A308-CDBE27583D34}.Debug|x86.Build.0 = Debug|Win32
		{E7350FAD-8C02-448A-A308-CDBE27583D34}.Release|x64.ActiveCfg = Release|x64
		{E7350FAD-8C02-448A-A308-CDBE27583D34}.Release|x64.Build.0 = Release|x64
		{E7350FAD-8C02-448A-A308-CDBE27583D34}.Release|x86.ActiveCfg = Release|Win32
		{E7350FAD-8C02-448A-A308-CDBE27583D34}.Release|x86.Build.0 = Release|Win32
		{1BA3A3DA-E157-4D6F-B78D-3837D06D2227}.Debug|x64.ActiveCfg = Debug|x64
		{1BA3A3DA-E157-4D6F-B78D-3837D06D2227}.Debug|x64.Build.0 = Debug|x64
		{1BA3A3DA-E157-4D6F-B78D-3837D06D2227}.Debug|x86.ActiveCfg = Debug|Win32
		{1BA3A3DA-E157-4D6F-B78D-3837D06D2227}.Debug|x86.Build.0 = Debug|Win32
		{1BA3A3DA-E157-4D6F-B78D-3837D06D2227}.Release|x64.ActiveCfg = Release|x64
		{1BA3A3DA-E157-4D6F-B78D-3837D06D2227}.Release|x64.Build.0 = Release|x64
		{1BA3A3DA-E157-4D6F-B78D-3837D06D2227}.Release|x86.ActiveCfg = Release|Win32
		{1BA3A3DA-E157-4D6F-B78D-3837D06D2227}.Release|x86.Build.0 = Release|Win32
	EndGlobalSection
	GlobalSection(SolutionProperties) = preSolution
		HideSolutionNode = FALSE
	EndGlobalSection
	GlobalSection(ExtensibilityGlobals) = postSolution
		SolutionGuid = {BEDF33E3-BC2C-44B9-84BD-0757E771785B}
	EndGlobalSection
EndGlobal
